
Microsoft Visual Studio Solution File, Format Version 12.00
# Visual Studio Version 16
VisualStudioVersion = 16.0.30804.86
MinimumVisualStudioVersion = 15.0.26124.0
Project("{9A19103F-16F7-4668-BE54-9A1E7A4F7556}") = "Office4U.Articles.ImportExport.Api", "Office4U.Articles.ImportExport.Api\Office4U.Articles.ImportExport.Api.csproj", "{CD91D38F-A704-40E0-95FE-1F41BBBEB919}"
EndProject
Project("{9A19103F-16F7-4668-BE54-9A1E7A4F7556}") = "Office4U.Articles.ImportExport.Api.Tests", "Office4U.Articles.ImportExport.Api.Tests\Office4U.Articles.ImportExport.Api.Tests.csproj", "{F95DEE75-F149-48EE-9D1A-C7A7D1B180AD}"
EndProject
Global
	GlobalSection(SolutionConfigurationPlatforms) = preSolution
		Debug|Any CPU = Debug|Any CPU
		Debug|x64 = Debug|x64
		Debug|x86 = Debug|x86
		Release|Any CPU = Release|Any CPU
		Release|x64 = Release|x64
		Release|x86 = Release|x86
	EndGlobalSection
	GlobalSection(ProjectConfigurationPlatforms) = postSolution
		{CD91D38F-A704-40E0-95FE-1F41BBBEB919}.Debug|Any CPU.ActiveCfg = Debug|Any CPU
		{CD91D38F-A704-40E0-95FE-1F41BBBEB919}.Debug|Any CPU.Build.0 = Debug|Any CPU
		{CD91D38F-A704-40E0-95FE-1F41BBBEB919}.Debug|x64.ActiveCfg = Debug|Any CPU
		{CD91D38F-A704-40E0-95FE-1F41BBBEB919}.Debug|x64.Build.0 = Debug|Any CPU
		{CD91D38F-A704-40E0-95FE-1F41BBBEB919}.Debug|x86.ActiveCfg = Debug|Any CPU
		{CD91D38F-A704-40E0-95FE-1F41BBBEB919}.Debug|x86.Build.0 = Debug|Any CPU
		{CD91D38F-A704-40E0-95FE-1F41BBBEB919}.Release|Any CPU.ActiveCfg = Release|Any CPU
		{CD91D38F-A704-40E0-95FE-1F41BBBEB919}.Release|Any CPU.Build.0 = Release|Any CPU
		{CD91D38F-A704-40E0-95FE-1F41BBBEB919}.Release|x64.ActiveCfg = Release|Any CPU
		{CD91D38F-A704-40E0-95FE-1F41BBBEB919}.Release|x64.Build.0 = Release|Any CPU
		{CD91D38F-A704-40E0-95FE-1F41BBBEB919}.Release|x86.ActiveCfg = Release|Any CPU
		{CD91D38F-A704-40E0-95FE-1F41BBBEB919}.Release|x86.Build.0 = Release|Any CPU
		{F95DEE75-F149-48EE-9D1A-C7A7D1B180AD}.Debug|Any CPU.ActiveCfg = Debug|Any CPU
		{F95DEE75-F149-48EE-9D1A-C7A7D1B180AD}.Debug|Any CPU.Build.0 = Debug|Any CPU
		{F95DEE75-F149-48EE-9D1A-C7A7D1B180AD}.Debug|x64.ActiveCfg = Debug|Any CPU
		{F95DEE75-F149-48EE-9D1A-C7A7D1B180AD}.Debug|x64.Build.0 = Debug|Any CPU
		{F95DEE75-F149-48EE-9D1A-C7A7D1B180AD}.Debug|x86.ActiveCfg = Debug|Any CPU
		{F95DEE75-F149-48EE-9D1A-C7A7D1B180AD}.Debug|x86.Build.0 = Debug|Any CPU
		{F95DEE75-F149-48EE-9D1A-C7A7D1B180AD}.Release|Any CPU.ActiveCfg = Release|Any CPU
		{F95DEE75-F149-48EE-9D1A-C7A7D1B180AD}.Release|Any CPU.Build.0 = Release|Any CPU
		{F95DEE75-F149-48EE-9D1A-C7A7D1B180AD}.Release|x64.ActiveCfg = Release|Any CPU
		{F95DEE75-F149-48EE-9D1A-C7A7D1B180AD}.Release|x64.Build.0 = Release|Any CPU
		{F95DEE75-F149-48EE-9D1A-C7A7D1B180AD}.Release|x86.ActiveCfg = Release|Any CPU
		{F95DEE75-F149-48EE-9D1A-C7A7D1B180AD}.Release|x86.Build.0 = Release|Any CPU
	EndGlobalSection
	GlobalSection(SolutionProperties) = preSolution
		HideSolutionNode = FALSE
	EndGlobalSection
	GlobalSection(ExtensibilityGlobals) = postSolution
		SolutionGuid = {E83F2F4F-2956-4A8A-9989-88C0814AC54E}
	EndGlobalSection
EndGlobal
